{
  "name": "ft_transcendence",
  "lockfileVersion": 3,
  "requires": true,
  "packages": {
    "": {
      "devDependencies": {
        "vue-cli-plugin-env": "~1.0.0"
      }
    },
    "node_modules/vue-cli-plugin-env": {
      "version": "1.0.0",
      "resolved": "https://registry.npmjs.org/vue-cli-plugin-env/-/vue-cli-plugin-env-1.0.0.tgz",
      "integrity": "sha512-BeIghIljNWXNec1VB4tpk2tycuE2rp/QT68QHcTI792pLbrdWwpZSO8OTHVmUNPYkv3HaBAnUPQBFrwlcuNGaA==",
      "dev": true
    }
  }
}
